// !$*UTF8*$!
{
	archiveVersion = 1;
	classes = {
	};
	objectVersion = 55;
	objects = {

/* Begin PBXBuildFile section */
		7A18127828511E430064B9F7 /* UnitedStockApp.swift in Sources */ = {isa = PBXBuildFile; fileRef = 7A18127728511E430064B9F7 /* UnitedStockApp.swift */; };
		7A18127A28511E430064B9F7 /* ContentView.swift in Sources */ = {isa = PBXBuildFile; fileRef = 7A18127928511E430064B9F7 /* ContentView.swift */; };
		7A18127C28511E450064B9F7 /* Assets.xcassets in Resources */ = {isa = PBXBuildFile; fileRef = 7A18127B28511E450064B9F7 /* Assets.xcassets */; };
		7A18128928511E450064B9F7 /* UnitedStockTests.swift in Sources */ = {isa = PBXBuildFile; fileRef = 7A18128828511E450064B9F7 /* UnitedStockTests.swift */; };
		7A18129328511E450064B9F7 /* UnitedStockUITests.swift in Sources */ = {isa = PBXBuildFile; fileRef = 7A18129228511E450064B9F7 /* UnitedStockUITests.swift */; };
		7A18129528511E450064B9F7 /* UnitedStockUITestsLaunchTests.swift in Sources */ = {isa = PBXBuildFile; fileRef = 7A18129428511E450064B9F7 /* UnitedStockUITestsLaunchTests.swift */; };
		7A1812A228511E790064B9F7 /* .gitignore in Resources */ = {isa = PBXBuildFile; fileRef = 7A1812A128511E790064B9F7 /* .gitignore */; };
		7A1812A428511EB90064B9F7 /* .gitattributes in Resources */ = {isa = PBXBuildFile; fileRef = 7A1812A328511EB90064B9F7 /* .gitattributes */; };
		7A264CAA286B883A0027797E /* Search.swift in Sources */ = {isa = PBXBuildFile; fileRef = 7A264CA9286B883A0027797E /* Search.swift */; };
		7A264CAE286B88C10027797E /* UserViews.swift in Sources */ = {isa = PBXBuildFile; fileRef = 7A264CAD286B88C10027797E /* UserViews.swift */; };
		7A264CB0286B89030027797E /* UserViewModifiers.swift in Sources */ = {isa = PBXBuildFile; fileRef = 7A264CAF286B89030027797E /* UserViewModifiers.swift */; };
		7A264CB6286BC1EC0027797E /* Preview Content in Resources */ = {isa = PBXBuildFile; fileRef = 7A264CB5286BC1EB0027797E /* Preview Content */; };
		7A264CB8286BC3000027797E /* SearchViews.swift in Sources */ = {isa = PBXBuildFile; fileRef = 7A264CB7286BC3000027797E /* SearchViews.swift */; };
		7A2CC3FC286806C80004DB7B /* TopNewsView.swift in Sources */ = {isa = PBXBuildFile; fileRef = 7A2CC3FB286806C80004DB7B /* TopNewsView.swift */; };
		7A2CC3FE28680CDA0004DB7B /* NewsArticle.swift in Sources */ = {isa = PBXBuildFile; fileRef = 7A2CC3FD28680CDA0004DB7B /* NewsArticle.swift */; };
		7A2CC400286819910004DB7B /* newsArticles.json in Resources */ = {isa = PBXBuildFile; fileRef = 7A2CC3FF286819910004DB7B /* newsArticles.json */; };
		7A2CC403286915570004DB7B /* NewsArticlesView.swift in Sources */ = {isa = PBXBuildFile; fileRef = 7A2CC402286915560004DB7B /* NewsArticlesView.swift */; };
		7A2CC405286923ED0004DB7B /* NewsArticlesListView.swift in Sources */ = {isa = PBXBuildFile; fileRef = 7A2CC404286923ED0004DB7B /* NewsArticlesListView.swift */; };
		7A2CC407286A19EC0004DB7B /* BrowserView.swift in Sources */ = {isa = PBXBuildFile; fileRef = 7A2CC406286A19EB0004DB7B /* BrowserView.swift */; };
		7A2CC40B286A28770004DB7B /* NewsWebAPI.swift in Sources */ = {isa = PBXBuildFile; fileRef = 7A2CC40A286A28770004DB7B /* NewsWebAPI.swift */; };
		7A2CC40E286A38110004DB7B /* Category.swift in Sources */ = {isa = PBXBuildFile; fileRef = 7A2CC40D286A38110004DB7B /* Category.swift */; };
		7A2CC411286AC5AB0004DB7B /* NewsViewModel.swift in Sources */ = {isa = PBXBuildFile; fileRef = 7A2CC410286AC5AA0004DB7B /* NewsViewModel.swift */; };
		7A2CC415286AC7130004DB7B /* NewsArticlesTabView.swift in Sources */ = {isa = PBXBuildFile; fileRef = 7A2CC414286AC7130004DB7B /* NewsArticlesTabView.swift */; };
		7A2CC417286AD8C10004DB7B /* SavedNewsArticles.swift in Sources */ = {isa = PBXBuildFile; fileRef = 7A2CC416286AD8C10004DB7B /* SavedNewsArticles.swift */; };
		7A2CC419286AF3160004DB7B /* SavedNewsTabView.swift in Sources */ = {isa = PBXBuildFile; fileRef = 7A2CC418286AF3160004DB7B /* SavedNewsTabView.swift */; };
		7A2CC41B286B014B0004DB7B /* DataPersistence.swift in Sources */ = {isa = PBXBuildFile; fileRef = 7A2CC41A286B014B0004DB7B /* DataPersistence.swift */; };
		7A67274F2851290E00E0E0E7 /* NewsArticlesAPIResponse.swift in Sources */ = {isa = PBXBuildFile; fileRef = 7A67274E2851290E00E0E0E7 /* NewsArticlesAPIResponse.swift */; };
		7A7A5758286BC1E700461322 /* SearchViews.swift in Sources */ = {isa = PBXBuildFile; fileRef = 7A7A5757286BC1E700461322 /* SearchViews.swift */; };
		7A7A575A286BC89E00461322 /* Watchlist.swift in Sources */ = {isa = PBXBuildFile; fileRef = 7A7A5759286BC89E00461322 /* Watchlist.swift */; };
		7A7A575C286BC8C700461322 /* WatchlistView.swift in Sources */ = {isa = PBXBuildFile; fileRef = 7A7A575B286BC8C700461322 /* WatchlistView.swift */; };
		7AD98EE8286C03B00007E955 /* NewsFeatureView.swift in Sources */ = {isa = PBXBuildFile; fileRef = 7AD98EE7286C03B00007E955 /* NewsFeatureView.swift */; };
		7AE0753F285A5EF30003AB55 /* UserManagement.swift in Sources */ = {isa = PBXBuildFile; fileRef = 7AE0753E285A5EF30003AB55 /* UserManagement.swift */; };
/* End PBXBuildFile section */

/* Begin PBXContainerItemProxy section */
		7A18128528511E450064B9F7 /* PBXContainerItemProxy */ = {
			isa = PBXContainerItemProxy;
			containerPortal = 7A18126C28511E430064B9F7 /* Project object */;
			proxyType = 1;
			remoteGlobalIDString = 7A18127328511E430064B9F7;
			remoteInfo = UnitedStock;
		};
		7A18128F28511E450064B9F7 /* PBXContainerItemProxy */ = {
			isa = PBXContainerItemProxy;
			containerPortal = 7A18126C28511E430064B9F7 /* Project object */;
			proxyType = 1;
			remoteGlobalIDString = 7A18127328511E430064B9F7;
			remoteInfo = UnitedStock;
		};
/* End PBXContainerItemProxy section */

/* Begin PBXFileReference section */
		7A18127428511E430064B9F7 /* UnitedStocks.app */ = {isa = PBXFileReference; explicitFileType = wrapper.application; includeInIndex = 0; path = UnitedStocks.app; sourceTree = BUILT_PRODUCTS_DIR; };
		7A18127728511E430064B9F7 /* UnitedStockApp.swift */ = {isa = PBXFileReference; lastKnownFileType = sourcecode.swift; path = UnitedStockApp.swift; sourceTree = "<group>"; };
		7A18127928511E430064B9F7 /* ContentView.swift */ = {isa = PBXFileReference; lastKnownFileType = sourcecode.swift; path = ContentView.swift; sourceTree = "<group>"; };
		7A18127B28511E450064B9F7 /* Assets.xcassets */ = {isa = PBXFileReference; lastKnownFileType = folder.assetcatalog; path = Assets.xcassets; sourceTree = "<group>"; };
		7A18128428511E450064B9F7 /* UnitedStockTests.xctest */ = {isa = PBXFileReference; explicitFileType = wrapper.cfbundle; includeInIndex = 0; path = UnitedStockTests.xctest; sourceTree = BUILT_PRODUCTS_DIR; };
		7A18128828511E450064B9F7 /* UnitedStockTests.swift */ = {isa = PBXFileReference; lastKnownFileType = sourcecode.swift; path = UnitedStockTests.swift; sourceTree = "<group>"; };
		7A18128E28511E450064B9F7 /* UnitedStockUITests.xctest */ = {isa = PBXFileReference; explicitFileType = wrapper.cfbundle; includeInIndex = 0; path = UnitedStockUITests.xctest; sourceTree = BUILT_PRODUCTS_DIR; };
		7A18129228511E450064B9F7 /* UnitedStockUITests.swift */ = {isa = PBXFileReference; lastKnownFileType = sourcecode.swift; path = UnitedStockUITests.swift; sourceTree = "<group>"; };
		7A18129428511E450064B9F7 /* UnitedStockUITestsLaunchTests.swift */ = {isa = PBXFileReference; lastKnownFileType = sourcecode.swift; path = UnitedStockUITestsLaunchTests.swift; sourceTree = "<group>"; };
		7A1812A128511E790064B9F7 /* .gitignore */ = {isa = PBXFileReference; lastKnownFileType = text; path = .gitignore; sourceTree = "<group>"; };
		7A1812A328511EB90064B9F7 /* .gitattributes */ = {isa = PBXFileReference; lastKnownFileType = text; path = .gitattributes; sourceTree = "<group>"; };
		7A264CA9286B883A0027797E /* Search.swift */ = {isa = PBXFileReference; lastKnownFileType = sourcecode.swift; path = Search.swift; sourceTree = "<group>"; };
		7A264CAD286B88C10027797E /* UserViews.swift */ = {isa = PBXFileReference; lastKnownFileType = sourcecode.swift; path = UserViews.swift; sourceTree = "<group>"; };
		7A264CAF286B89030027797E /* UserViewModifiers.swift */ = {isa = PBXFileReference; lastKnownFileType = sourcecode.swift; path = UserViewModifiers.swift; sourceTree = "<group>"; };
		7A264CB5286BC1EB0027797E /* Preview Content */ = {isa = PBXFileReference; lastKnownFileType = folder; path = "Preview Content"; sourceTree = "<group>"; };
		7A264CB7286BC3000027797E /* SearchViews.swift */ = {isa = PBXFileReference; lastKnownFileType = sourcecode.swift; path = SearchViews.swift; sourceTree = "<group>"; };
		7A2CC3FB286806C80004DB7B /* TopNewsView.swift */ = {isa = PBXFileReference; lastKnownFileType = sourcecode.swift; path = TopNewsView.swift; sourceTree = "<group>"; };
		7A2CC3FD28680CDA0004DB7B /* NewsArticle.swift */ = {isa = PBXFileReference; lastKnownFileType = sourcecode.swift; path = NewsArticle.swift; sourceTree = "<group>"; };
		7A2CC3FF286819910004DB7B /* newsArticles.json */ = {isa = PBXFileReference; lastKnownFileType = text.json; path = newsArticles.json; sourceTree = "<group>"; };
		7A2CC402286915560004DB7B /* NewsArticlesView.swift */ = {isa = PBXFileReference; lastKnownFileType = sourcecode.swift; path = NewsArticlesView.swift; sourceTree = "<group>"; };
		7A2CC404286923ED0004DB7B /* NewsArticlesListView.swift */ = {isa = PBXFileReference; lastKnownFileType = sourcecode.swift; path = NewsArticlesListView.swift; sourceTree = "<group>"; };
		7A2CC406286A19EB0004DB7B /* BrowserView.swift */ = {isa = PBXFileReference; lastKnownFileType = sourcecode.swift; path = BrowserView.swift; sourceTree = "<group>"; };
		7A2CC40A286A28770004DB7B /* NewsWebAPI.swift */ = {isa = PBXFileReference; lastKnownFileType = sourcecode.swift; path = NewsWebAPI.swift; sourceTree = "<group>"; };
		7A2CC40D286A38110004DB7B /* Category.swift */ = {isa = PBXFileReference; lastKnownFileType = sourcecode.swift; path = Category.swift; sourceTree = "<group>"; };
		7A2CC410286AC5AA0004DB7B /* NewsViewModel.swift */ = {isa = PBXFileReference; lastKnownFileType = sourcecode.swift; path = NewsViewModel.swift; sourceTree = "<group>"; };
		7A2CC414286AC7130004DB7B /* NewsArticlesTabView.swift */ = {isa = PBXFileReference; lastKnownFileType = sourcecode.swift; path = NewsArticlesTabView.swift; sourceTree = "<group>"; };
		7A2CC416286AD8C10004DB7B /* SavedNewsArticles.swift */ = {isa = PBXFileReference; lastKnownFileType = sourcecode.swift; path = SavedNewsArticles.swift; sourceTree = "<group>"; };
		7A2CC418286AF3160004DB7B /* SavedNewsTabView.swift */ = {isa = PBXFileReference; lastKnownFileType = sourcecode.swift; path = SavedNewsTabView.swift; sourceTree = "<group>"; };
		7A2CC41A286B014B0004DB7B /* DataPersistence.swift */ = {isa = PBXFileReference; lastKnownFileType = sourcecode.swift; path = DataPersistence.swift; sourceTree = "<group>"; };
		7A67274E2851290E00E0E0E7 /* NewsArticlesAPIResponse.swift */ = {isa = PBXFileReference; lastKnownFileType = sourcecode.swift; path = NewsArticlesAPIResponse.swift; sourceTree = "<group>"; };
		7A7A5757286BC1E700461322 /* SearchViews.swift */ = {isa = PBXFileReference; fileEncoding = 4; lastKnownFileType = sourcecode.swift; name = SearchViews.swift; path = "Preview Content/SearchViews.swift"; sourceTree = "<group>"; };
		7A7A5759286BC89E00461322 /* Watchlist.swift */ = {isa = PBXFileReference; lastKnownFileType = sourcecode.swift; path = Watchlist.swift; sourceTree = "<group>"; };
		7A7A575B286BC8C700461322 /* WatchlistView.swift */ = {isa = PBXFileReference; lastKnownFileType = sourcecode.swift; path = WatchlistView.swift; sourceTree = "<group>"; };
		7AD98EE7286C03B00007E955 /* NewsFeatureView.swift */ = {isa = PBXFileReference; lastKnownFileType = sourcecode.swift; path = NewsFeatureView.swift; sourceTree = "<group>"; };
		7AE0753E285A5EF30003AB55 /* UserManagement.swift */ = {isa = PBXFileReference; lastKnownFileType = sourcecode.swift; path = UserManagement.swift; sourceTree = "<group>"; };
/* End PBXFileReference section */

/* Begin PBXFrameworksBuildPhase section */
		7A18127128511E430064B9F7 /* Frameworks */ = {
			isa = PBXFrameworksBuildPhase;
			buildActionMask = 2147483647;
			files = (
			);
			runOnlyForDeploymentPostprocessing = 0;
		};
		7A18128128511E450064B9F7 /* Frameworks */ = {
			isa = PBXFrameworksBuildPhase;
			buildActionMask = 2147483647;
			files = (
			);
			runOnlyForDeploymentPostprocessing = 0;
		};
		7A18128B28511E450064B9F7 /* Frameworks */ = {
			isa = PBXFrameworksBuildPhase;
			buildActionMask = 2147483647;
			files = (
			);
			runOnlyForDeploymentPostprocessing = 0;
		};
/* End PBXFrameworksBuildPhase section */

/* Begin PBXGroup section */
		7A18126B28511E430064B9F7 = {
			isa = PBXGroup;
			children = (
				7A1812A328511EB90064B9F7 /* .gitattributes */,
				7A1812A128511E790064B9F7 /* .gitignore */,
				7A18127628511E430064B9F7 /* UnitedStock */,
				7A18128728511E450064B9F7 /* UnitedStockTests */,
				7A18129128511E450064B9F7 /* UnitedStockUITests */,
				7A18127528511E430064B9F7 /* Products */,
			);
			sourceTree = "<group>";
		};
		7A18127528511E430064B9F7 /* Products */ = {
			isa = PBXGroup;
			children = (
				7A18127428511E430064B9F7 /* UnitedStocks.app */,
				7A18128428511E450064B9F7 /* UnitedStockTests.xctest */,
				7A18128E28511E450064B9F7 /* UnitedStockUITests.xctest */,
			);
			name = Products;
			sourceTree = "<group>";
		};
		7A18127628511E430064B9F7 /* UnitedStock */ = {
			isa = PBXGroup;
			children = (
				7A2CC40C286A2C470004DB7B /* Models */,
				7A2CC409286A27870004DB7B /* API's */,
				7A7A5757286BC1E700461322 /* SearchViews.swift */,
				7A18127728511E430064B9F7 /* UnitedStockApp.swift */,
				7A264CAF286B89030027797E /* UserViewModifiers.swift */,
				7A264CAD286B88C10027797E /* UserViews.swift */,
				7A18127928511E430064B9F7 /* ContentView.swift */,
				7A2CC3FB286806C80004DB7B /* TopNewsView.swift */,
				7A2CC3FF286819910004DB7B /* newsArticles.json */,
				7A2CC4012869151E0004DB7B /* Views */,
				7A18127B28511E450064B9F7 /* Assets.xcassets */,
				7AE0753E285A5EF30003AB55 /* UserManagement.swift */,
				7A264CA9286B883A0027797E /* Search.swift */,
				7A264CB7286BC3000027797E /* SearchViews.swift */,
				7A264CB5286BC1EB0027797E /* Preview Content */,
				7A7A5759286BC89E00461322 /* Watchlist.swift */,
				7A7A575B286BC8C700461322 /* WatchlistView.swift */,
			);
			path = UnitedStock;
			sourceTree = "<group>";
		};
		7A18128728511E450064B9F7 /* UnitedStockTests */ = {
			isa = PBXGroup;
			children = (
				7A18128828511E450064B9F7 /* UnitedStockTests.swift */,
			);
			path = UnitedStockTests;
			sourceTree = "<group>";
		};
		7A18129128511E450064B9F7 /* UnitedStockUITests */ = {
			isa = PBXGroup;
			children = (
				7A18129228511E450064B9F7 /* UnitedStockUITests.swift */,
				7A18129428511E450064B9F7 /* UnitedStockUITestsLaunchTests.swift */,
			);
			path = UnitedStockUITests;
			sourceTree = "<group>";
		};
		7A2CC4012869151E0004DB7B /* Views */ = {
			isa = PBXGroup;
			children = (
				7A2CC402286915560004DB7B /* NewsArticlesView.swift */,
				7A2CC404286923ED0004DB7B /* NewsArticlesListView.swift */,
				7A2CC406286A19EB0004DB7B /* BrowserView.swift */,
				7A2CC414286AC7130004DB7B /* NewsArticlesTabView.swift */,
				7A2CC418286AF3160004DB7B /* SavedNewsTabView.swift */,
				7AD98EE7286C03B00007E955 /* NewsFeatureView.swift */,
			);
			path = Views;
			sourceTree = "<group>";
		};
		7A2CC409286A27870004DB7B /* API's */ = {
			isa = PBXGroup;
			children = (
				7A2CC40A286A28770004DB7B /* NewsWebAPI.swift */,
			);
			path = "API's";
			sourceTree = "<group>";
		};
		7A2CC40C286A2C470004DB7B /* Models */ = {
			isa = PBXGroup;
			children = (
				7A2CC40F286AC5850004DB7B /* ViewModels */,
				7A67274E2851290E00E0E0E7 /* NewsArticlesAPIResponse.swift */,
				7A2CC3FD28680CDA0004DB7B /* NewsArticle.swift */,
				7A2CC40D286A38110004DB7B /* Category.swift */,
				7A2CC41A286B014B0004DB7B /* DataPersistence.swift */,
			);
			path = Models;
			sourceTree = "<group>";
		};
		7A2CC40F286AC5850004DB7B /* ViewModels */ = {
			isa = PBXGroup;
			children = (
				7A2CC410286AC5AA0004DB7B /* NewsViewModel.swift */,
				7A2CC416286AD8C10004DB7B /* SavedNewsArticles.swift */,
			);
			path = ViewModels;
			sourceTree = "<group>";
		};
/* End PBXGroup section */

/* Begin PBXNativeTarget section */
		7A18127328511E430064B9F7 /* UnitedStock */ = {
			isa = PBXNativeTarget;
			buildConfigurationList = 7A18129828511E450064B9F7 /* Build configuration list for PBXNativeTarget "UnitedStock" */;
			buildPhases = (
				7A18127028511E430064B9F7 /* Sources */,
				7A18127128511E430064B9F7 /* Frameworks */,
				7A18127228511E430064B9F7 /* Resources */,
			);
			buildRules = (
			);
			dependencies = (
			);
			name = UnitedStock;
			productName = UnitedStock;
			productReference = 7A18127428511E430064B9F7 /* UnitedStocks.app */;
			productType = "com.apple.product-type.application";
		};
		7A18128328511E450064B9F7 /* UnitedStockTests */ = {
			isa = PBXNativeTarget;
			buildConfigurationList = 7A18129B28511E450064B9F7 /* Build configuration list for PBXNativeTarget "UnitedStockTests" */;
			buildPhases = (
				7A18128028511E450064B9F7 /* Sources */,
				7A18128128511E450064B9F7 /* Frameworks */,
				7A18128228511E450064B9F7 /* Resources */,
			);
			buildRules = (
			);
			dependencies = (
				7A18128628511E450064B9F7 /* PBXTargetDependency */,
			);
			name = UnitedStockTests;
			productName = UnitedStockTests;
			productReference = 7A18128428511E450064B9F7 /* UnitedStockTests.xctest */;
			productType = "com.apple.product-type.bundle.unit-test";
		};
		7A18128D28511E450064B9F7 /* UnitedStockUITests */ = {
			isa = PBXNativeTarget;
			buildConfigurationList = 7A18129E28511E450064B9F7 /* Build configuration list for PBXNativeTarget "UnitedStockUITests" */;
			buildPhases = (
				7A18128A28511E450064B9F7 /* Sources */,
				7A18128B28511E450064B9F7 /* Frameworks */,
				7A18128C28511E450064B9F7 /* Resources */,
			);
			buildRules = (
			);
			dependencies = (
				7A18129028511E450064B9F7 /* PBXTargetDependency */,
			);
			name = UnitedStockUITests;
			productName = UnitedStockUITests;
			productReference = 7A18128E28511E450064B9F7 /* UnitedStockUITests.xctest */;
			productType = "com.apple.product-type.bundle.ui-testing";
		};
/* End PBXNativeTarget section */

/* Begin PBXProject section */
		7A18126C28511E430064B9F7 /* Project object */ = {
			isa = PBXProject;
			attributes = {
				BuildIndependentTargetsInParallel = 1;
				LastSwiftUpdateCheck = 1340;
				LastUpgradeCheck = 1340;
				TargetAttributes = {
					7A18127328511E430064B9F7 = {
						CreatedOnToolsVersion = 13.4;
					};
					7A18128328511E450064B9F7 = {
						CreatedOnToolsVersion = 13.4;
						TestTargetID = 7A18127328511E430064B9F7;
					};
					7A18128D28511E450064B9F7 = {
						CreatedOnToolsVersion = 13.4;
						TestTargetID = 7A18127328511E430064B9F7;
					};
				};
			};
			buildConfigurationList = 7A18126F28511E430064B9F7 /* Build configuration list for PBXProject "UnitedStock" */;
			compatibilityVersion = "Xcode 13.0";
			developmentRegion = en;
			hasScannedForEncodings = 0;
			knownRegions = (
				en,
				Base,
			);
			mainGroup = 7A18126B28511E430064B9F7;
			productRefGroup = 7A18127528511E430064B9F7 /* Products */;
			projectDirPath = "";
			projectRoot = "";
			targets = (
				7A18127328511E430064B9F7 /* UnitedStock */,
				7A18128328511E450064B9F7 /* UnitedStockTests */,
				7A18128D28511E450064B9F7 /* UnitedStockUITests */,
			);
		};
/* End PBXProject section */

/* Begin PBXResourcesBuildPhase section */
		7A18127228511E430064B9F7 /* Resources */ = {
			isa = PBXResourcesBuildPhase;
			buildActionMask = 2147483647;
			files = (
				7A264CB6286BC1EC0027797E /* Preview Content in Resources */,
				7A2CC400286819910004DB7B /* newsArticles.json in Resources */,
				7A1812A228511E790064B9F7 /* .gitignore in Resources */,
				7A18127C28511E450064B9F7 /* Assets.xcassets in Resources */,
				7A1812A428511EB90064B9F7 /* .gitattributes in Resources */,
			);
			runOnlyForDeploymentPostprocessing = 0;
		};
		7A18128228511E450064B9F7 /* Resources */ = {
			isa = PBXResourcesBuildPhase;
			buildActionMask = 2147483647;
			files = (
			);
			runOnlyForDeploymentPostprocessing = 0;
		};
		7A18128C28511E450064B9F7 /* Resources */ = {
			isa = PBXResourcesBuildPhase;
			buildActionMask = 2147483647;
			files = (
			);
			runOnlyForDeploymentPostprocessing = 0;
		};
/* End PBXResourcesBuildPhase section */

/* Begin PBXSourcesBuildPhase section */
		7A18127028511E430064B9F7 /* Sources */ = {
			isa = PBXSourcesBuildPhase;
			buildActionMask = 2147483647;
			files = (
				7A67274F2851290E00E0E0E7 /* NewsArticlesAPIResponse.swift in Sources */,
				7A2CC40E286A38110004DB7B /* Category.swift in Sources */,
				7A18127A28511E430064B9F7 /* ContentView.swift in Sources */,
				7A2CC41B286B014B0004DB7B /* DataPersistence.swift in Sources */,
				7A2CC40B286A28770004DB7B /* NewsWebAPI.swift in Sources */,
				7A2CC417286AD8C10004DB7B /* SavedNewsArticles.swift in Sources */,
				7AD98EE8286C03B00007E955 /* NewsFeatureView.swift in Sources */,
				7A2CC403286915570004DB7B /* NewsArticlesView.swift in Sources */,
				7A2CC407286A19EC0004DB7B /* BrowserView.swift in Sources */,
				7A2CC415286AC7130004DB7B /* NewsArticlesTabView.swift in Sources */,
				7A2CC411286AC5AB0004DB7B /* NewsViewModel.swift in Sources */,
				7A18127828511E430064B9F7 /* UnitedStockApp.swift in Sources */,
				7A2CC405286923ED0004DB7B /* NewsArticlesListView.swift in Sources */,
				7A2CC3FE28680CDA0004DB7B /* NewsArticle.swift in Sources */,
				7A2CC3FC286806C80004DB7B /* TopNewsView.swift in Sources */,
				7A2CC419286AF3160004DB7B /* SavedNewsTabView.swift in Sources */,
				7AE0753F285A5EF30003AB55 /* UserManagement.swift in Sources */,
				7A264CAA286B883A0027797E /* Search.swift in Sources */,
				7A18127828511E430064B9F7 /* UnitedStockApp.swift in Sources */,
				7A264CB8286BC3000027797E /* SearchViews.swift in Sources */,
				7A7A5758286BC1E700461322 /* SearchViews.swift in Sources */,
				7A7A575A286BC89E00461322 /* Watchlist.swift in Sources */,
				7A264CB0286B89030027797E /* UserViewModifiers.swift in Sources */,
				7A7A575C286BC8C700461322 /* WatchlistView.swift in Sources */,
				7A264CAE286B88C10027797E /* UserViews.swift in Sources */,
			);
			runOnlyForDeploymentPostprocessing = 0;
		};
		7A18128028511E450064B9F7 /* Sources */ = {
			isa = PBXSourcesBuildPhase;
			buildActionMask = 2147483647;
			files = (
				7A18128928511E450064B9F7 /* UnitedStockTests.swift in Sources */,
			);
			runOnlyForDeploymentPostprocessing = 0;
		};
		7A18128A28511E450064B9F7 /* Sources */ = {
			isa = PBXSourcesBuildPhase;
			buildActionMask = 2147483647;
			files = (
				7A18129528511E450064B9F7 /* UnitedStockUITestsLaunchTests.swift in Sources */,
				7A18129328511E450064B9F7 /* UnitedStockUITests.swift in Sources */,
			);
			runOnlyForDeploymentPostprocessing = 0;
		};
/* End PBXSourcesBuildPhase section */

/* Begin PBXTargetDependency section */
		7A18128628511E450064B9F7 /* PBXTargetDependency */ = {
			isa = PBXTargetDependency;
			target = 7A18127328511E430064B9F7 /* UnitedStock */;
			targetProxy = 7A18128528511E450064B9F7 /* PBXContainerItemProxy */;
		};
		7A18129028511E450064B9F7 /* PBXTargetDependency */ = {
			isa = PBXTargetDependency;
			target = 7A18127328511E430064B9F7 /* UnitedStock */;
			targetProxy = 7A18128F28511E450064B9F7 /* PBXContainerItemProxy */;
		};
/* End PBXTargetDependency section */

/* Begin XCBuildConfiguration section */
		7A18129628511E450064B9F7 /* Debug */ = {
			isa = XCBuildConfiguration;
			buildSettings = {
				ALWAYS_SEARCH_USER_PATHS = NO;
				CLANG_ANALYZER_NONNULL = YES;
				CLANG_ANALYZER_NUMBER_OBJECT_CONVERSION = YES_AGGRESSIVE;
				CLANG_CXX_LANGUAGE_STANDARD = "gnu++17";
				CLANG_ENABLE_MODULES = YES;
				CLANG_ENABLE_OBJC_ARC = YES;
				CLANG_ENABLE_OBJC_WEAK = YES;
				CLANG_WARN_BLOCK_CAPTURE_AUTORELEASING = YES;
				CLANG_WARN_BOOL_CONVERSION = YES;
				CLANG_WARN_COMMA = YES;
				CLANG_WARN_CONSTANT_CONVERSION = YES;
				CLANG_WARN_DEPRECATED_OBJC_IMPLEMENTATIONS = YES;
				CLANG_WARN_DIRECT_OBJC_ISA_USAGE = YES_ERROR;
				CLANG_WARN_DOCUMENTATION_COMMENTS = YES;
				CLANG_WARN_EMPTY_BODY = YES;
				CLANG_WARN_ENUM_CONVERSION = YES;
				CLANG_WARN_INFINITE_RECURSION = YES;
				CLANG_WARN_INT_CONVERSION = YES;
				CLANG_WARN_NON_LITERAL_NULL_CONVERSION = YES;
				CLANG_WARN_OBJC_IMPLICIT_RETAIN_SELF = YES;
				CLANG_WARN_OBJC_LITERAL_CONVERSION = YES;
				CLANG_WARN_OBJC_ROOT_CLASS = YES_ERROR;
				CLANG_WARN_QUOTED_INCLUDE_IN_FRAMEWORK_HEADER = YES;
				CLANG_WARN_RANGE_LOOP_ANALYSIS = YES;
				CLANG_WARN_STRICT_PROTOTYPES = YES;
				CLANG_WARN_SUSPICIOUS_MOVE = YES;
				CLANG_WARN_UNGUARDED_AVAILABILITY = YES_AGGRESSIVE;
				CLANG_WARN_UNREACHABLE_CODE = YES;
				CLANG_WARN__DUPLICATE_METHOD_MATCH = YES;
				COPY_PHASE_STRIP = NO;
				DEBUG_INFORMATION_FORMAT = dwarf;
				ENABLE_STRICT_OBJC_MSGSEND = YES;
				ENABLE_TESTABILITY = YES;
				GCC_C_LANGUAGE_STANDARD = gnu11;
				GCC_DYNAMIC_NO_PIC = NO;
				GCC_NO_COMMON_BLOCKS = YES;
				GCC_OPTIMIZATION_LEVEL = 0;
				GCC_PREPROCESSOR_DEFINITIONS = (
					"DEBUG=1",
					"$(inherited)",
				);
				GCC_WARN_64_TO_32_BIT_CONVERSION = YES;
				GCC_WARN_ABOUT_RETURN_TYPE = YES_ERROR;
				GCC_WARN_UNDECLARED_SELECTOR = YES;
				GCC_WARN_UNINITIALIZED_AUTOS = YES_AGGRESSIVE;
				GCC_WARN_UNUSED_FUNCTION = YES;
				GCC_WARN_UNUSED_VARIABLE = YES;
				IPHONEOS_DEPLOYMENT_TARGET = 15.5;
				MTL_ENABLE_DEBUG_INFO = INCLUDE_SOURCE;
				MTL_FAST_MATH = YES;
				ONLY_ACTIVE_ARCH = YES;
				SDKROOT = iphoneos;
				SWIFT_ACTIVE_COMPILATION_CONDITIONS = DEBUG;
				SWIFT_OPTIMIZATION_LEVEL = "-Onone";
			};
			name = Debug;
		};
		7A18129728511E450064B9F7 /* Release */ = {
			isa = XCBuildConfiguration;
			buildSettings = {
				ALWAYS_SEARCH_USER_PATHS = NO;
				CLANG_ANALYZER_NONNULL = YES;
				CLANG_ANALYZER_NUMBER_OBJECT_CONVERSION = YES_AGGRESSIVE;
				CLANG_CXX_LANGUAGE_STANDARD = "gnu++17";
				CLANG_ENABLE_MODULES = YES;
				CLANG_ENABLE_OBJC_ARC = YES;
				CLANG_ENABLE_OBJC_WEAK = YES;
				CLANG_WARN_BLOCK_CAPTURE_AUTORELEASING = YES;
				CLANG_WARN_BOOL_CONVERSION = YES;
				CLANG_WARN_COMMA = YES;
				CLANG_WARN_CONSTANT_CONVERSION = YES;
				CLANG_WARN_DEPRECATED_OBJC_IMPLEMENTATIONS = YES;
				CLANG_WARN_DIRECT_OBJC_ISA_USAGE = YES_ERROR;
				CLANG_WARN_DOCUMENTATION_COMMENTS = YES;
				CLANG_WARN_EMPTY_BODY = YES;
				CLANG_WARN_ENUM_CONVERSION = YES;
				CLANG_WARN_INFINITE_RECURSION = YES;
				CLANG_WARN_INT_CONVERSION = YES;
				CLANG_WARN_NON_LITERAL_NULL_CONVERSION = YES;
				CLANG_WARN_OBJC_IMPLICIT_RETAIN_SELF = YES;
				CLANG_WARN_OBJC_LITERAL_CONVERSION = YES;
				CLANG_WARN_OBJC_ROOT_CLASS = YES_ERROR;
				CLANG_WARN_QUOTED_INCLUDE_IN_FRAMEWORK_HEADER = YES;
				CLANG_WARN_RANGE_LOOP_ANALYSIS = YES;
				CLANG_WARN_STRICT_PROTOTYPES = YES;
				CLANG_WARN_SUSPICIOUS_MOVE = YES;
				CLANG_WARN_UNGUARDED_AVAILABILITY = YES_AGGRESSIVE;
				CLANG_WARN_UNREACHABLE_CODE = YES;
				CLANG_WARN__DUPLICATE_METHOD_MATCH = YES;
				COPY_PHASE_STRIP = NO;
				DEBUG_INFORMATION_FORMAT = "dwarf-with-dsym";
				ENABLE_NS_ASSERTIONS = NO;
				ENABLE_STRICT_OBJC_MSGSEND = YES;
				GCC_C_LANGUAGE_STANDARD = gnu11;
				GCC_NO_COMMON_BLOCKS = YES;
				GCC_WARN_64_TO_32_BIT_CONVERSION = YES;
				GCC_WARN_ABOUT_RETURN_TYPE = YES_ERROR;
				GCC_WARN_UNDECLARED_SELECTOR = YES;
				GCC_WARN_UNINITIALIZED_AUTOS = YES_AGGRESSIVE;
				GCC_WARN_UNUSED_FUNCTION = YES;
				GCC_WARN_UNUSED_VARIABLE = YES;
				IPHONEOS_DEPLOYMENT_TARGET = 15.5;
				MTL_ENABLE_DEBUG_INFO = NO;
				MTL_FAST_MATH = YES;
				SDKROOT = iphoneos;
				SWIFT_COMPILATION_MODE = wholemodule;
				SWIFT_OPTIMIZATION_LEVEL = "-O";
				VALIDATE_PRODUCT = YES;
			};
			name = Release;
		};
		7A18129928511E450064B9F7 /* Debug */ = {
			isa = XCBuildConfiguration;
			buildSettings = {
				ASSETCATALOG_COMPILER_APPICON_NAME = AppIcon;
				ASSETCATALOG_COMPILER_GLOBAL_ACCENT_COLOR_NAME = AccentColor;
				CODE_SIGN_STYLE = Automatic;
				CURRENT_PROJECT_VERSION = 1;
				DEVELOPMENT_ASSET_PATHS = "\"UnitedStock/Preview Content\"";
				DEVELOPMENT_TEAM = 46PWQ7ZXLC;
				ENABLE_PREVIEWS = YES;
				GENERATE_INFOPLIST_FILE = YES;
				INFOPLIST_KEY_UIApplicationSceneManifest_Generation = YES;
				INFOPLIST_KEY_UIApplicationSupportsIndirectInputEvents = YES;
				INFOPLIST_KEY_UILaunchScreen_Generation = YES;
				INFOPLIST_KEY_UISupportedInterfaceOrientations_iPad = "UIInterfaceOrientationPortrait UIInterfaceOrientationPortraitUpsideDown UIInterfaceOrientationLandscapeLeft UIInterfaceOrientationLandscapeRight";
				INFOPLIST_KEY_UISupportedInterfaceOrientations_iPhone = "UIInterfaceOrientationPortrait UIInterfaceOrientationLandscapeLeft UIInterfaceOrientationLandscapeRight";
				IPHONEOS_DEPLOYMENT_TARGET = 15.5;
				LD_RUNPATH_SEARCH_PATHS = (
					"$(inherited)",
					"@executable_path/Frameworks",
				);
				MARKETING_VERSION = 1.0;
				PRODUCT_BUNDLE_IDENTIFIER = com.UnitedStock.UnitedStock;
				PRODUCT_NAME = UnitedStocks;
				SWIFT_EMIT_LOC_STRINGS = YES;
				SWIFT_VERSION = 5.0;
				TARGETED_DEVICE_FAMILY = 1;
			};
			name = Debug;
		};
		7A18129A28511E450064B9F7 /* Release */ = {
			isa = XCBuildConfiguration;
			buildSettings = {
				ASSETCATALOG_COMPILER_APPICON_NAME = AppIcon;
				ASSETCATALOG_COMPILER_GLOBAL_ACCENT_COLOR_NAME = AccentColor;
				CODE_SIGN_STYLE = Automatic;
				CURRENT_PROJECT_VERSION = 1;
				DEVELOPMENT_ASSET_PATHS = "\"UnitedStock/Preview Content\"";
				DEVELOPMENT_TEAM = 46PWQ7ZXLC;
				ENABLE_PREVIEWS = YES;
				GENERATE_INFOPLIST_FILE = YES;
				INFOPLIST_KEY_UIApplicationSceneManifest_Generation = YES;
				INFOPLIST_KEY_UIApplicationSupportsIndirectInputEvents = YES;
				INFOPLIST_KEY_UILaunchScreen_Generation = YES;
				INFOPLIST_KEY_UISupportedInterfaceOrientations_iPad = "UIInterfaceOrientationPortrait UIInterfaceOrientationPortraitUpsideDown UIInterfaceOrientationLandscapeLeft UIInterfaceOrientationLandscapeRight";
				INFOPLIST_KEY_UISupportedInterfaceOrientations_iPhone = "UIInterfaceOrientationPortrait UIInterfaceOrientationLandscapeLeft UIInterfaceOrientationLandscapeRight";
				IPHONEOS_DEPLOYMENT_TARGET = 15.5;
				LD_RUNPATH_SEARCH_PATHS = (
					"$(inherited)",
					"@executable_path/Frameworks",
				);
				MARKETING_VERSION = 1.0;
				PRODUCT_BUNDLE_IDENTIFIER = com.UnitedStock.UnitedStock;
				PRODUCT_NAME = UnitedStocks;
				SWIFT_EMIT_LOC_STRINGS = YES;
				SWIFT_VERSION = 5.0;
				TARGETED_DEVICE_FAMILY = 1;
			};
			name = Release;
		};
		7A18129C28511E450064B9F7 /* Debug */ = {
			isa = XCBuildConfiguration;
			buildSettings = {
				ALWAYS_EMBED_SWIFT_STANDARD_LIBRARIES = YES;
				BUNDLE_LOADER = "$(TEST_HOST)";
				CODE_SIGN_STYLE = Automatic;
				CURRENT_PROJECT_VERSION = 1;
				GENERATE_INFOPLIST_FILE = YES;
				IPHONEOS_DEPLOYMENT_TARGET = 15.5;
				MARKETING_VERSION = 1.0;
				PRODUCT_BUNDLE_IDENTIFIER = com.UnitedStock.UnitedStockTests;
				PRODUCT_NAME = "$(TARGET_NAME)";
				SWIFT_EMIT_LOC_STRINGS = NO;
				SWIFT_VERSION = 5.0;
				TARGETED_DEVICE_FAMILY = "1,2";
				TEST_HOST = "$(BUILT_PRODUCTS_DIR)/UnitedStock.app/UnitedStock";
			};
			name = Debug;
		};
		7A18129D28511E450064B9F7 /* Release */ = {
			isa = XCBuildConfiguration;
			buildSettings = {
				ALWAYS_EMBED_SWIFT_STANDARD_LIBRARIES = YES;
				BUNDLE_LOADER = "$(TEST_HOST)";
				CODE_SIGN_STYLE = Automatic;
				CURRENT_PROJECT_VERSION = 1;
				GENERATE_INFOPLIST_FILE = YES;
				IPHONEOS_DEPLOYMENT_TARGET = 15.5;
				MARKETING_VERSION = 1.0;
				PRODUCT_BUNDLE_IDENTIFIER = com.UnitedStock.UnitedStockTests;
				PRODUCT_NAME = "$(TARGET_NAME)";
				SWIFT_EMIT_LOC_STRINGS = NO;
				SWIFT_VERSION = 5.0;
				TARGETED_DEVICE_FAMILY = "1,2";
				TEST_HOST = "$(BUILT_PRODUCTS_DIR)/UnitedStock.app/UnitedStock";
			};
			name = Release;
		};
		7A18129F28511E450064B9F7 /* Debug */ = {
			isa = XCBuildConfiguration;
			buildSettings = {
				ALWAYS_EMBED_SWIFT_STANDARD_LIBRARIES = YES;
				CODE_SIGN_STYLE = Automatic;
				CURRENT_PROJECT_VERSION = 1;
				GENERATE_INFOPLIST_FILE = YES;
				MARKETING_VERSION = 1.0;
				PRODUCT_BUNDLE_IDENTIFIER = com.UnitedStock.UnitedStockUITests;
				PRODUCT_NAME = "$(TARGET_NAME)";
				SWIFT_EMIT_LOC_STRINGS = NO;
				SWIFT_VERSION = 5.0;
				TARGETED_DEVICE_FAMILY = "1,2";
				TEST_TARGET_NAME = UnitedStock;
			};
			name = Debug;
		};
		7A1812A028511E450064B9F7 /* Release */ = {
			isa = XCBuildConfiguration;
			buildSettings = {
				ALWAYS_EMBED_SWIFT_STANDARD_LIBRARIES = YES;
				CODE_SIGN_STYLE = Automatic;
				CURRENT_PROJECT_VERSION = 1;
				GENERATE_INFOPLIST_FILE = YES;
				MARKETING_VERSION = 1.0;
				PRODUCT_BUNDLE_IDENTIFIER = com.UnitedStock.UnitedStockUITests;
				PRODUCT_NAME = "$(TARGET_NAME)";
				SWIFT_EMIT_LOC_STRINGS = NO;
				SWIFT_VERSION = 5.0;
				TARGETED_DEVICE_FAMILY = "1,2";
				TEST_TARGET_NAME = UnitedStock;
			};
			name = Release;
		};
/* End XCBuildConfiguration section */

/* Begin XCConfigurationList section */
		7A18126F28511E430064B9F7 /* Build configuration list for PBXProject "UnitedStock" */ = {
			isa = XCConfigurationList;
			buildConfigurations = (
				7A18129628511E450064B9F7 /* Debug */,
				7A18129728511E450064B9F7 /* Release */,
			);
			defaultConfigurationIsVisible = 0;
			defaultConfigurationName = Release;
		};
		7A18129828511E450064B9F7 /* Build configuration list for PBXNativeTarget "UnitedStock" */ = {
			isa = XCConfigurationList;
			buildConfigurations = (
				7A18129928511E450064B9F7 /* Debug */,
				7A18129A28511E450064B9F7 /* Release */,
			);
			defaultConfigurationIsVisible = 0;
			defaultConfigurationName = Release;
		};
		7A18129B28511E450064B9F7 /* Build configuration list for PBXNativeTarget "UnitedStockTests" */ = {
			isa = XCConfigurationList;
			buildConfigurations = (
				7A18129C28511E450064B9F7 /* Debug */,
				7A18129D28511E450064B9F7 /* Release */,
			);
			defaultConfigurationIsVisible = 0;
			defaultConfigurationName = Release;
		};
		7A18129E28511E450064B9F7 /* Build configuration list for PBXNativeTarget "UnitedStockUITests" */ = {
			isa = XCConfigurationList;
			buildConfigurations = (
				7A18129F28511E450064B9F7 /* Debug */,
				7A1812A028511E450064B9F7 /* Release */,
			);
			defaultConfigurationIsVisible = 0;
			defaultConfigurationName = Release;
		};
/* End XCConfigurationList section */
	};
	rootObject = 7A18126C28511E430064B9F7 /* Project object */;
}
